
Microsoft Visual Studio Solution File, Format Version 12.00
# Visual Studio Version 17
VisualStudioVersion = 17.2.32526.322
MinimumVisualStudioVersion = 10.0.40219.1
Project("{FAE04EC0-301F-11D3-BF4B-00C04F79EFBC}") = "InscripcionWeb2", "InscripcionWeb2\InscripcionWeb2.csproj", "{11965B45-BD88-455A-B17E-3D7A2A60FD2B}"
EndProject
Global
	GlobalSection(SolutionConfigurationPlatforms) = preSolution
		Debug|Any CPU = Debug|Any CPU
		Release|Any CPU = Release|Any CPU
	EndGlobalSection
	GlobalSection(ProjectConfigurationPlatforms) = postSolution
		{11965B45-BD88-455A-B17E-3D7A2A60FD2B}.Debug|Any CPU.ActiveCfg = Debug|Any CPU
		{11965B45-BD88-455A-B17E-3D7A2A60FD2B}.Debug|Any CPU.Build.0 = Debug|Any CPU
		{11965B45-BD88-455A-B17E-3D7A2A60FD2B}.Release|Any CPU.ActiveCfg = Release|Any CPU
		{11965B45-BD88-455A-B17E-3D7A2A60FD2B}.Release|Any CPU.Build.0 = Release|Any CPU
	EndGlobalSection
	GlobalSection(SolutionProperties) = preSolution
		HideSolutionNode = FALSE
	EndGlobalSection
	GlobalSection(ExtensibilityGlobals) = postSolution
		SolutionGuid = {0B70C412-6A64-498A-9F11-6A5548D6A97E}
	EndGlobalSection
EndGlobal
